
Microsoft Visual Studio Solution File, Format Version 12.00
# Visual Studio Version 17
VisualStudioVersion = 17.2.32602.215
MinimumVisualStudioVersion = 10.0.40219.1
Project("{FAE04EC0-301F-11D3-BF4B-00C04F79EFBC}") = "TrackerLibrary", "TrackerLibrary\TrackerLibrary.csproj", "{1F10950E-08A9-4C32-AF9E-09777662E5A8}"
EndProject
Global
	GlobalSection(SolutionConfigurationPlatforms) = preSolution
		Debug|Any CPU = Debug|Any CPU
		Release|Any CPU = Release|Any CPU
	EndGlobalSection
	GlobalSection(ProjectConfigurationPlatforms) = postSolution
		{1F10950E-08A9-4C32-AF9E-09777662E5A8}.Debug|Any CPU.ActiveCfg = Debug|Any CPU
		{1F10950E-08A9-4C32-AF9E-09777662E5A8}.Debug|Any CPU.Build.0 = Debug|Any CPU
		{1F10950E-08A9-4C32-AF9E-09777662E5A8}.Release|Any CPU.ActiveCfg = Release|Any CPU
		{1F10950E-08A9-4C32-AF9E-09777662E5A8}.Release|Any CPU.Build.0 = Release|Any CPU
	EndGlobalSection
	GlobalSection(SolutionProperties) = preSolution
		HideSolutionNode = FALSE
	EndGlobalSection
	GlobalSection(ExtensibilityGlobals) = postSolution
		SolutionGuid = {3FA50D6E-9BD6-4066-B0B6-E049A21F33FE}
	EndGlobalSection
EndGlobal
